
Microsoft Visual Studio Solution File, Format Version 12.00
# Visual Studio 15
Project("{FAE04EC0-301F-11D3-BF4B-00C04F79EFBC}") = "Demo.Android", "Demo.Android\Demo.Android.csproj", "{D14D9C97-247C-45A8-AD02-9986C0ED49D7}"
EndProject
Project("{FAE04EC0-301F-11D3-BF4B-00C04F79EFBC}") = "Demo.iOS", "Demo.iOS\Demo.iOS.csproj", "{8B20068C-8C3C-4D07-94D8-928D54B5E555}"
EndProject
Project("{FAE04EC0-301F-11D3-BF4B-00C04F79EFBC}") = "Demo", "Demo\Demo.csproj", "{ADDCE290-0A58-4C73-83BA-1031950E80F5}"
EndProject
Global
	GlobalSection(SolutionConfigurationPlatforms) = preSolution
		Debug|Any CPU = Debug|Any CPU
		Release|Any CPU = Release|Any CPU
		Debug|iPhoneSimulator = Debug|iPhoneSimulator
		Release|iPhoneSimulator = Release|iPhoneSimulator
		Debug|iPhone = Debug|iPhone
		Release|iPhone = Release|iPhone
	EndGlobalSection
	GlobalSection(ProjectConfigurationPlatforms) = postSolution
		{D14D9C97-247C-45A8-AD02-9986C0ED49D7}.Debug|Any CPU.ActiveCfg = Debug|Any CPU
		{D14D9C97-247C-45A8-AD02-9986C0ED49D7}.Debug|Any CPU.Build.0 = Debug|Any CPU
		{D14D9C97-247C-45A8-AD02-9986C0ED49D7}.Release|Any CPU.ActiveCfg = Release|Any CPU
		{D14D9C97-247C-45A8-AD02-9986C0ED49D7}.Release|Any CPU.Build.0 = Release|Any CPU
		{D14D9C97-247C-45A8-AD02-9986C0ED49D7}.Debug|iPhoneSimulator.ActiveCfg = Debug|Any CPU
		{D14D9C97-247C-45A8-AD02-9986C0ED49D7}.Debug|iPhoneSimulator.Build.0 = Debug|Any CPU
		{D14D9C97-247C-45A8-AD02-9986C0ED49D7}.Release|iPhoneSimulator.ActiveCfg = Release|Any CPU
		{D14D9C97-247C-45A8-AD02-9986C0ED49D7}.Release|iPhoneSimulator.Build.0 = Release|Any CPU
		{D14D9C97-247C-45A8-AD02-9986C0ED49D7}.Debug|iPhone.ActiveCfg = Debug|Any CPU
		{D14D9C97-247C-45A8-AD02-9986C0ED49D7}.Debug|iPhone.Build.0 = Debug|Any CPU
		{D14D9C97-247C-45A8-AD02-9986C0ED49D7}.Release|iPhone.ActiveCfg = Release|Any CPU
		{D14D9C97-247C-45A8-AD02-9986C0ED49D7}.Release|iPhone.Build.0 = Release|Any CPU
		{8B20068C-8C3C-4D07-94D8-928D54B5E555}.Debug|Any CPU.ActiveCfg = Debug|iPhoneSimulator
		{8B20068C-8C3C-4D07-94D8-928D54B5E555}.Debug|Any CPU.Build.0 = Debug|iPhoneSimulator
		{8B20068C-8C3C-4D07-94D8-928D54B5E555}.Release|Any CPU.ActiveCfg = Release|iPhoneSimulator
		{8B20068C-8C3C-4D07-94D8-928D54B5E555}.Release|Any CPU.Build.0 = Release|iPhoneSimulator
		{8B20068C-8C3C-4D07-94D8-928D54B5E555}.Debug|iPhoneSimulator.ActiveCfg = Debug|iPhoneSimulator
		{8B20068C-8C3C-4D07-94D8-928D54B5E555}.Debug|iPhoneSimulator.Build.0 = Debug|iPhoneSimulator
		{8B20068C-8C3C-4D07-94D8-928D54B5E555}.Release|iPhoneSimulator.ActiveCfg = Release|iPhoneSimulator
		{8B20068C-8C3C-4D07-94D8-928D54B5E555}.Release|iPhoneSimulator.Build.0 = Release|iPhoneSimulator
		{8B20068C-8C3C-4D07-94D8-928D54B5E555}.Debug|iPhone.ActiveCfg = Debug|iPhone
		{8B20068C-8C3C-4D07-94D8-928D54B5E555}.Debug|iPhone.Build.0 = Debug|iPhone
		{8B20068C-8C3C-4D07-94D8-928D54B5E555}.Release|iPhone.ActiveCfg = Release|iPhone
		{8B20068C-8C3C-4D07-94D8-928D54B5E555}.Release|iPhone.Build.0 = Release|iPhone
		{ADDCE290-0A58-4C73-83BA-1031950E80F5}.Debug|Any CPU.ActiveCfg = Debug|Any CPU
		{ADDCE290-0A58-4C73-83BA-1031950E80F5}.Debug|Any CPU.Build.0 = Debug|Any CPU
		{ADDCE290-0A58-4C73-83BA-1031950E80F5}.Release|Any CPU.ActiveCfg = Release|Any CPU
		{ADDCE290-0A58-4C73-83BA-1031950E80F5}.Release|Any CPU.Build.0 = Release|Any CPU
		{ADDCE290-0A58-4C73-83BA-1031950E80F5}.Debug|iPhoneSimulator.ActiveCfg = Debug|Any CPU
		{ADDCE290-0A58-4C73-83BA-1031950E80F5}.Debug|iPhoneSimulator.Build.0 = Debug|Any CPU
		{ADDCE290-0A58-4C73-83BA-1031950E80F5}.Release|iPhoneSimulator.ActiveCfg = Release|Any CPU
		{ADDCE290-0A58-4C73-83BA-1031950E80F5}.Release|iPhoneSimulator.Build.0 = Release|Any CPU
		{ADDCE290-0A58-4C73-83BA-1031950E80F5}.Debug|iPhone.ActiveCfg = Debug|Any CPU
		{ADDCE290-0A58-4C73-83BA-1031950E80F5}.Debug|iPhone.Build.0 = Debug|Any CPU
		{ADDCE290-0A58-4C73-83BA-1031950E80F5}.Release|iPhone.ActiveCfg = Release|Any CPU
		{ADDCE290-0A58-4C73-83BA-1031950E80F5}.Release|iPhone.Build.0 = Release|Any CPU
	EndGlobalSection
EndGlobal
